
Microsoft Visual Studio Solution File, Format Version 12.00
# Visual Studio Version 17
VisualStudioVersion = 17.11.35312.102
MinimumVisualStudioVersion = 10.0.40219.1
Project("{FAE04EC0-301F-11D3-BF4B-00C04F79EFBC}") = "Homework 01", "Homework 01.csproj", "{FCC7692D-831C-416F-87E0-66200D5FCAE5}"
EndProject
Global
	GlobalSection(SolutionConfigurationPlatforms) = preSolution
		Debug|Any CPU = Debug|Any CPU
		Release|Any CPU = Release|Any CPU
	EndGlobalSection
	GlobalSection(ProjectConfigurationPlatforms) = postSolution
		{FCC7692D-831C-416F-87E0-66200D5FCAE5}.Debug|Any CPU.ActiveCfg = Debug|Any CPU
		{FCC7692D-831C-416F-87E0-66200D5FCAE5}.Debug|Any CPU.Build.0 = Debug|Any CPU
		{FCC7692D-831C-416F-87E0-66200D5FCAE5}.Release|Any CPU.ActiveCfg = Release|Any CPU
		{FCC7692D-831C-416F-87E0-66200D5FCAE5}.Release|Any CPU.Build.0 = Release|Any CPU
	EndGlobalSection
	GlobalSection(SolutionProperties) = preSolution
		HideSolutionNode = FALSE
	EndGlobalSection
	GlobalSection(ExtensibilityGlobals) = postSolution
		SolutionGuid = {075D3AEC-7071-4CEC-9DA0-A0F405481E67}
	EndGlobalSection
EndGlobal
